Microsoft Visual Studio Solution File, Format Version 11.00
# Visual Studio 2008

Project("{02548A61-931D-2C59-D4E9-0A4495FDB5A4}") = "MorphBlock", "Assembly-CSharp-firstpass.csproj", "{9118C1DB-C233-6342-4F08-BE9592D372D0}"
EndProject
Project("{02548A61-931D-2C59-D4E9-0A4495FDB5A4}") = "MorphBlock", "Assembly-CSharp.csproj", "{1CB94EAA-99B3-61C6-9E2E-4934DD017E7D}"
EndProject
Project("{02548A61-931D-2C59-D4E9-0A4495FDB5A4}") = "MorphBlock", "Assembly-CSharp-Editor.csproj", "{78E9B912-3A14-9FA1-B5F3-27CD864F8D78}"
EndProject
Global
	GlobalSection(SolutionConfigurationPlatforms) = preSolution
		Debug|Any CPU = Debug|Any CPU
		Release|Any CPU = Release|Any CPU
	EndGlobalSection
	GlobalSection(ProjectConfigurationPlatforms) = postSolution
		{9118C1DB-C233-6342-4F08-BE9592D372D0}.Debug|Any CPU.ActiveCfg = Debug|Any CPU
		{9118C1DB-C233-6342-4F08-BE9592D372D0}.Debug|Any CPU.Build.0 = Debug|Any CPU
		{9118C1DB-C233-6342-4F08-BE9592D372D0}.Release|Any CPU.ActiveCfg = Release|Any CPU
		{9118C1DB-C233-6342-4F08-BE9592D372D0}.Release|Any CPU.Build.0 = Release|Any CPU
		{1CB94EAA-99B3-61C6-9E2E-4934DD017E7D}.Debug|Any CPU.ActiveCfg = Debug|Any CPU
		{1CB94EAA-99B3-61C6-9E2E-4934DD017E7D}.Debug|Any CPU.Build.0 = Debug|Any CPU
		{1CB94EAA-99B3-61C6-9E2E-4934DD017E7D}.Release|Any CPU.ActiveCfg = Release|Any CPU
		{1CB94EAA-99B3-61C6-9E2E-4934DD017E7D}.Release|Any CPU.Build.0 = Release|Any CPU
		{78E9B912-3A14-9FA1-B5F3-27CD864F8D78}.Debug|Any CPU.ActiveCfg = Debug|Any CPU
		{78E9B912-3A14-9FA1-B5F3-27CD864F8D78}.Debug|Any CPU.Build.0 = Debug|Any CPU
		{78E9B912-3A14-9FA1-B5F3-27CD864F8D78}.Release|Any CPU.ActiveCfg = Release|Any CPU
		{78E9B912-3A14-9FA1-B5F3-27CD864F8D78}.Release|Any CPU.Build.0 = Release|Any CPU
	EndGlobalSection
	GlobalSection(SolutionProperties) = preSolution
		HideSolutionNode = FALSE
	EndGlobalSection
	GlobalSection(MonoDevelopProperties) = preSolution
		StartupItem = Assembly-CSharp.csproj
	EndGlobalSection
EndGlobal
